
Microsoft Visual Studio Solution File, Format Version 12.00
# Visual Studio Version 17
VisualStudioVersion = 17.3.32825.248
MinimumVisualStudioVersion = 10.0.40219.1
Project("{FAE04EC0-301F-11D3-BF4B-00C04F79EFBC}") = "GlobalAttributeDemo", "GlobalAttributeDemo\GlobalAttributeDemo.csproj", "{6AEB49DB-7D2B-4418-A30C-C604CE20559F}"
EndProject
Project("{FAE04EC0-301F-11D3-BF4B-00C04F79EFBC}") = "GlobalAttributeDemo.Tests", "GlobalAttributeDemo.Tests\GlobalAttributeDemo.Tests.csproj", "{DD5D1CB5-46FD-46F7-84B9-8456C83F54CF}"
EndProject
Global
	GlobalSection(SolutionConfigurationPlatforms) = preSolution
		Debug|Any CPU = Debug|Any CPU
		Release|Any CPU = Release|Any CPU
	EndGlobalSection
	GlobalSection(ProjectConfigurationPlatforms) = postSolution
		{6AEB49DB-7D2B-4418-A30C-C604CE20559F}.Debug|Any CPU.ActiveCfg = Debug|Any CPU
		{6AEB49DB-7D2B-4418-A30C-C604CE20559F}.Debug|Any CPU.Build.0 = Debug|Any CPU
		{6AEB49DB-7D2B-4418-A30C-C604CE20559F}.Release|Any CPU.ActiveCfg = Release|Any CPU
		{6AEB49DB-7D2B-4418-A30C-C604CE20559F}.Release|Any CPU.Build.0 = Release|Any CPU
		{DD5D1CB5-46FD-46F7-84B9-8456C83F54CF}.Debug|Any CPU.ActiveCfg = Debug|Any CPU
		{DD5D1CB5-46FD-46F7-84B9-8456C83F54CF}.Debug|Any CPU.Build.0 = Debug|Any CPU
		{DD5D1CB5-46FD-46F7-84B9-8456C83F54CF}.Release|Any CPU.ActiveCfg = Release|Any CPU
		{DD5D1CB5-46FD-46F7-84B9-8456C83F54CF}.Release|Any CPU.Build.0 = Release|Any CPU
	EndGlobalSection
	GlobalSection(SolutionProperties) = preSolution
		HideSolutionNode = FALSE
	EndGlobalSection
	GlobalSection(ExtensibilityGlobals) = postSolution
		SolutionGuid = {796DA740-5977-472C-8E2F-96E846BFF026}
	EndGlobalSection
EndGlobal
